
Microsoft Visual Studio Solution File, Format Version 12.00
# Visual Studio Version 17
VisualStudioVersion = 17.0.31903.59
MinimumVisualStudioVersion = 10.0.40219.1
Project("{FAE04EC0-301F-11D3-BF4B-00C04F79EFBC}") = "Prototype", "Prototype\Prototype.csproj", "{787C756A-EBA4-4143-841C-DFA24D0E279E}"
EndProject
Project("{9A19103F-16F7-4668-BE54-9A1E7A4F7556}") = "MyBrowser", "MyBrowser\MyBrowser.csproj", "{BCEFF735-4469-4825-8A83-8FB93EF00B43}"
EndProject
Project("{FAE04EC0-301F-11D3-BF4B-00C04F79EFBC}") = "MyBrowser.Tests", "MyBrowser.Tests\MyBrowser.Tests.csproj", "{C84EBF7B-BBFA-4B23-BDCA-2592F1684154}"
EndProject
Global
	GlobalSection(SolutionConfigurationPlatforms) = preSolution
		Debug|Any CPU = Debug|Any CPU
		Release|Any CPU = Release|Any CPU
	EndGlobalSection
	GlobalSection(ProjectConfigurationPlatforms) = postSolution
		{787C756A-EBA4-4143-841C-DFA24D0E279E}.Debug|Any CPU.ActiveCfg = Debug|Any CPU
		{787C756A-EBA4-4143-841C-DFA24D0E279E}.Debug|Any CPU.Build.0 = Debug|Any CPU
		{787C756A-EBA4-4143-841C-DFA24D0E279E}.Release|Any CPU.ActiveCfg = Release|Any CPU
		{787C756A-EBA4-4143-841C-DFA24D0E279E}.Release|Any CPU.Build.0 = Release|Any CPU
		{BCEFF735-4469-4825-8A83-8FB93EF00B43}.Debug|Any CPU.ActiveCfg = Debug|Any CPU
		{BCEFF735-4469-4825-8A83-8FB93EF00B43}.Debug|Any CPU.Build.0 = Debug|Any CPU
		{BCEFF735-4469-4825-8A83-8FB93EF00B43}.Release|Any CPU.ActiveCfg = Release|Any CPU
		{BCEFF735-4469-4825-8A83-8FB93EF00B43}.Release|Any CPU.Build.0 = Release|Any CPU
		{C84EBF7B-BBFA-4B23-BDCA-2592F1684154}.Debug|Any CPU.ActiveCfg = Debug|Any CPU
		{C84EBF7B-BBFA-4B23-BDCA-2592F1684154}.Debug|Any CPU.Build.0 = Debug|Any CPU
		{C84EBF7B-BBFA-4B23-BDCA-2592F1684154}.Release|Any CPU.ActiveCfg = Release|Any CPU
		{C84EBF7B-BBFA-4B23-BDCA-2592F1684154}.Release|Any CPU.Build.0 = Release|Any CPU
	EndGlobalSection
	GlobalSection(SolutionProperties) = preSolution
		HideSolutionNode = FALSE
	EndGlobalSection
	GlobalSection(ExtensibilityGlobals) = postSolution
		SolutionGuid = {D5E48055-C061-4B8F-B304-52F79955EE3F}
	EndGlobalSection
EndGlobal
